{
    "_meta": {
        "hash": {
            "sha256": "3adb0634d3df1887d25ab6a86767ec0934ed41996b8264639fa9b7958628d990"
        },
        "pipfile-spec": 6,
        "requires": {
            "python_version": "3.7"
        },
        "sources": [
            {
                "name": "pypi",
                "url": "https://pypi.org/simple",
                "verify_ssl": true
            }
        ]
    },
    "default": {
        "antlr4-python3-runtime": {
            "hashes": [
                "sha256:1b26b72c4492cef310542da10bf6b2ab4aa1775618fc6003f75b55ae9eaa3fd3"
            ],
            "index": "pypi",
            "version": "==4.7.1"
        },
        "argparse": {
            "hashes": [
                "sha256:62b089a55be1d8949cd2bc7e0df0bddb9e028faefc8c32038cc84862aefdd6e4",
                "sha256:c31647edb69fd3d465a847ea3157d37bed1f95f19760b11a47aa91c04b666314"
            ],
            "version": "==1.4.0"
        },
        "et-xmlfile": {
            "hashes": [
                "sha256:614d9722d572f6246302c4491846d2c393c199cfa4edc9af593437691683335b"
            ],
            "index": "pypi",
            "version": "==1.0.1"
        },
        "jdcal": {
            "hashes": [
                "sha256:1abf1305fce18b4e8aa248cf8fe0c56ce2032392bc64bbd61b5dff2a19ec8bba",
                "sha256:472872e096eb8df219c23f2689fc336668bdb43d194094b5cc1707e1640acfc8"
            ],
            "index": "pypi",
            "version": "==1.4.1"
        },
        "linecache2": {
            "hashes": [
                "sha256:4b26ff4e7110db76eeb6f5a7b64a82623839d595c2038eeda662f2a2db78e97c",
                "sha256:e78be9c0a0dfcbac712fe04fbf92b96cddae80b1b842f24248214c8496f006ef"
            ],
            "index": "pypi",
            "version": "==1.0.0"
        },
        "openpyxl": {
            "hashes": [
                "sha256:63165adcc806a5c281febb344f3594541f778f05b99a3a5e802941a3c0a85f71"
            ],
            "index": "pypi",
            "version": "==2.5.2"
        },
        "punittest": {
            "hashes": [
                "sha256:6418dcfd71f3a8e570748ae4c9e656cfbde59008f7015caed890932f050a8b38"
            ],
            "index": "pypi",
            "version": "==0.1.12"
        },
        "setuptools-antlr": {
            "hashes": [
                "sha256:7851e3e9ac7bebe35d44f6c6e020328cf0a88ccbdeb8048dbd00f829236eab97",
                "sha256:d11e38c5631bbe03c76d9d35fa8c8dd0f524ca221be61fd14ca50ae1b0a4a2ca"
            ],
            "index": "pypi",
            "version": "==0.4.0"
        },
        "six": {
            "hashes": [
                "sha256:236bdbdce46e6e6a3d61a337c0f8b763ca1e8717c03b369e87a7ec7ce1319c0a",
                "sha256:8f3cd2e254d8f793e7f3d6d9df77b92252b52637291d0f0da013c76ea2724b6c"
            ],
            "index": "pypi",
            "version": "==1.14.0"
        },
        "traceback2": {
            "hashes": [
                "sha256:05acc67a09980c2ecfedd3423f7ae0104839eccb55fc645773e1caa0951c3030",
                "sha256:8253cebec4b19094d67cc5ed5af99bf1dba1285292226e98a31929f87a5d6b23"
            ],
            "index": "pypi",
            "version": "==1.4.0"
        },
        "unittest2": {
            "hashes": [
                "sha256:13f77d0875db6d9b435e1d4f41e74ad4cc2eb6e1d5c824996092b3430f088bb8",
                "sha256:22882a0e418c284e1f718a822b3b022944d53d2d908e1690b319a9d3eb2c0579"
            ],
            "index": "pypi",
            "version": "==1.1.0"
        }
    },
    "develop": {}
}
